
Microsoft Visual Studio Solution File, Format Version 12.00
# Visual Studio Version 17
VisualStudioVersion = 17.14.36221.1
MinimumVisualStudioVersion = 10.0.40219.1
Project("{FAE04EC0-301F-11D3-BF4B-00C04F79EFBC}") = "ProyectoArquiCompuT2", "lodemenos\ProyectoArquiCompuT2.csproj", "{67482CF4-9480-43A2-9CAD-092CB45E4BC0}"
EndProject
Global
	GlobalSection(SolutionConfigurationPlatforms) = preSolution
		Debug|Any CPU = Debug|Any CPU
		Release|Any CPU = Release|Any CPU
	EndGlobalSection
	GlobalSection(ProjectConfigurationPlatforms) = postSolution
		{67482CF4-9480-43A2-9CAD-092CB45E4BC0}.Debug|Any CPU.ActiveCfg = Debug|Any CPU
		{67482CF4-9480-43A2-9CAD-092CB45E4BC0}.Debug|Any CPU.Build.0 = Debug|Any CPU
		{67482CF4-9480-43A2-9CAD-092CB45E4BC0}.Release|Any CPU.ActiveCfg = Release|Any CPU
		{67482CF4-9480-43A2-9CAD-092CB45E4BC0}.Release|Any CPU.Build.0 = Release|Any CPU
	EndGlobalSection
	GlobalSection(SolutionProperties) = preSolution
		HideSolutionNode = FALSE
	EndGlobalSection
	GlobalSection(ExtensibilityGlobals) = postSolution
		SolutionGuid = {2D9D8719-D28E-461C-BCAA-DC0525E29C5E}
	EndGlobalSection
EndGlobal
